// !$*UTF8*$!
{
	archiveVersion = 1;
	classes = {
	};
	objectVersion = 46;
	objects = {

/* Begin PBXBuildFile section */
		251712EF1CD8E0C700574E9E /* main.cpp in Sources */ = {isa = PBXBuildFile; fileRef = 251712EE1CD8E0C700574E9E /* main.cpp */; };
		251712F71CD8E0DE00574E9E /* DLinkList.cpp in Sources */ = {isa = PBXBuildFile; fileRef = 251712F51CD8E0DE00574E9E /* DLinkList.cpp */; };
/* End PBXBuildFile section */

/* Begin PBXCopyFilesBuildPhase section */
		251712E91CD8E0C700574E9E /* CopyFiles */ = {
			isa = PBXCopyFilesBuildPhase;
			buildActionMask = 2147483647;
			dstPath = /usr/share/man/man1/;
			dstSubfolderSpec = 0;
			files = (
			);
			runOnlyForDeploymentPostprocessing = 1;
		};
/* End PBXCopyFilesBuildPhase section */

/* Begin PBXFileReference section */
		251712EB1CD8E0C700574E9E /* ReverseDLinkList */ = {isa = PBXFileReference; explicitFileType = "compiled.mach-o.executable"; includeInIndex = 0; path = ReverseDLinkList; sourceTree = BUILT_PRODUCTS_DIR; };
		251712EE1CD8E0C700574E9E /* main.cpp */ = {isa = PBXFileReference; lastKnownFileType = sourcecode.cpp.cpp; path = main.cpp; sourceTree = "<group>"; };
		251712F51CD8E0DE00574E9E /* DLinkList.cpp */ = {isa = PBXFileReference; fileEncoding = 4; lastKnownFileType = sourcecode.cpp.cpp; path = DLinkList.cpp; sourceTree = "<group>"; };
		251712F61CD8E0DE00574E9E /* DLinkList.hpp */ = {isa = PBXFileReference; fileEncoding = 4; lastKnownFileType = sourcecode.cpp.h; path = DLinkList.hpp; sourceTree = "<group>"; };
/* End PBXFileReference section */

/* Begin PBXFrameworksBuildPhase section */
		251712E81CD8E0C700574E9E /* Frameworks */ = {
			isa = PBXFrameworksBuildPhase;
			buildActionMask = 2147483647;
			files = (
			);
			runOnlyForDeploymentPostprocessing = 0;
		};
/* End PBXFrameworksBuildPhase section */

/* Begin PBXGroup section */
		251712E21CD8E0C700574E9E = {
			isa = PBXGroup;
			children = (
				251712ED1CD8E0C700574E9E /* ReverseDLinkList */,
				251712EC1CD8E0C700574E9E /* Products */,
			);
			sourceTree = "<group>";
		};
		251712EC1CD8E0C700574E9E /* Products */ = {
			isa = PBXGroup;
			children = (
				251712EB1CD8E0C700574E9E /* ReverseDLinkList */,
			);
			name = Products;
			sourceTree = "<group>";
		};
		251712ED1CD8E0C700574E9E /* ReverseDLinkList */ = {
			isa = PBXGroup;
			children = (
				251712EE1CD8E0C700574E9E /* main.cpp */,
				251712F51CD8E0DE00574E9E /* DLinkList.cpp */,
				251712F61CD8E0DE00574E9E /* DLinkList.hpp */,
			);
			path = ReverseDLinkList;
			sourceTree = "<group>";
		};
/* End PBXGroup section */

/* Begin PBXNativeTarget section */
		251712EA1CD8E0C700574E9E /* ReverseDLinkList */ = {
			isa = PBXNativeTarget;
			buildConfigurationList = 251712F21CD8E0C700574E9E /* Build configuration list for PBXNativeTarget "ReverseDLinkList" */;
			buildPhases = (
				251712E71CD8E0C700574E9E /* Sources */,
				251712E81CD8E0C700574E9E /* Frameworks */,
				251712E91CD8E0C700574E9E /* CopyFiles */,
			);
			buildRules = (
			);
			dependencies = (
			);
			name = ReverseDLinkList;
			productName = ReverseDLinkList;
			productReference = 251712EB1CD8E0C700574E9E /* ReverseDLinkList */;
			productType = "com.apple.product-type.tool";
		};
/* End PBXNativeTarget section */

/* Begin PBXProject section */
		251712E31CD8E0C700574E9E /* Project object */ = {
			isa = PBXProject;
			attributes = {
				LastUpgradeCheck = 0720;
				ORGANIZATIONNAME = Q;
				TargetAttributes = {
					251712EA1CD8E0C700574E9E = {
						CreatedOnToolsVersion = 7.2.1;
					};
				};
			};
			buildConfigurationList = 251712E61CD8E0C700574E9E /* Build configuration list for PBXProject "ReverseDLinkList" */;
			compatibilityVersion = "Xcode 3.2";
			developmentRegion = English;
			hasScannedForEncodings = 0;
			knownRegions = (
				en,
			);
			mainGroup = 251712E21CD8E0C700574E9E;
			productRefGroup = 251712EC1CD8E0C700574E9E /* Products */;
			projectDirPath = "";
			projectRoot = "";
			targets = (
				251712EA1CD8E0C700574E9E /* ReverseDLinkList */,
			);
		};
/* End PBXProject section */

/* Begin PBXSourcesBuildPhase section */
		251712E71CD8E0C700574E9E /* Sources */ = {
			isa = PBXSourcesBuildPhase;
			buildActionMask = 2147483647;
			files = (
				251712F71CD8E0DE00574E9E /* DLinkList.cpp in Sources */,
				251712EF1CD8E0C700574E9E /* main.cpp in Sources */,
			);
			runOnlyForDeploymentPostprocessing = 0;
		};
/* End PBXSourcesBuildPhase section */

/* Begin XCBuildConfiguration section */
		251712F01CD8E0C700574E9E /* Debug */ = {
			isa = XCBuildConfiguration;
			buildSettings = {
				ALWAYS_SEARCH_USER_PATHS = NO;
				CLANG_CXX_LANGUAGE_STANDARD = "gnu++0x";
				CLANG_CXX_LIBRARY = "libc++";
				CLANG_ENABLE_MODULES = YES;
				CLANG_ENABLE_OBJC_ARC = YES;
				CLANG_WARN_BOOL_CONVERSION = YES;
				CLANG_WARN_CONSTANT_CONVERSION = YES;
				CLANG_WARN_DIRECT_OBJC_ISA_USAGE = YES_ERROR;
				CLANG_WARN_EMPTY_BODY = YES;
				CLANG_WARN_ENUM_CONVERSION = YES;
				CLANG_WARN_INT_CONVERSION = YES;
				CLANG_WARN_OBJC_ROOT_CLASS = YES_ERROR;
				CLANG_WARN_UNREACHABLE_CODE = YES;
				CLANG_WARN__DUPLICATE_METHOD_MATCH = YES;
				CODE_SIGN_IDENTITY = "-";
				COPY_PHASE_STRIP = NO;
				DEBUG_INFORMATION_FORMAT = dwarf;
				ENABLE_STRICT_OBJC_MSGSEND = YES;
				ENABLE_TESTABILITY = YES;
				GCC_C_LANGUAGE_STANDARD = gnu99;
				GCC_DYNAMIC_NO_PIC = NO;
				GCC_NO_COMMON_BLOCKS = YES;
				GCC_OPTIMIZATION_LEVEL = 0;
				GCC_PREPROCESSOR_DEFINITIONS = (
					"DEBUG=1",
					"$(inherited)",
				);
				GCC_WARN_64_TO_32_BIT_CONVERSION = YES;
				GCC_WARN_ABOUT_RETURN_TYPE = YES_ERROR;
				GCC_WARN_UNDECLARED_SELECTOR = YES;
				GCC_WARN_UNINITIALIZED_AUTOS = YES_AGGRESSIVE;
				GCC_WARN_UNUSED_FUNCTION = YES;
				GCC_WARN_UNUSED_VARIABLE = YES;
				MACOSX_DEPLOYMENT_TARGET = 10.11;
				MTL_ENABLE_DEBUG_INFO = YES;
				ONLY_ACTIVE_ARCH = YES;
				SDKROOT = macosx;
			};
			name = Debug;
		};
		251712F11CD8E0C700574E9E /* Release */ = {
			isa = XCBuildConfiguration;
			buildSettings = {
				ALWAYS_SEARCH_USER_PATHS = NO;
				CLANG_CXX_LANGUAGE_STANDARD = "gnu++0x";
				CLANG_CXX_LIBRARY = "libc++";
				CLANG_ENABLE_MODULES = YES;
				CLANG_ENABLE_OBJC_ARC = YES;
				CLANG_WARN_BOOL_CONVERSION = YES;
				CLANG_WARN_CONSTANT_CONVERSION = YES;
				CLANG_WARN_DIRECT_OBJC_ISA_USAGE = YES_ERROR;
				CLANG_WARN_EMPTY_BODY = YES;
				CLANG_WARN_ENUM_CONVERSION = YES;
				CLANG_WARN_INT_CONVERSION = YES;
				CLANG_WARN_OBJC_ROOT_CLASS = YES_ERROR;
				CLANG_WARN_UNREACHABLE_CODE = YES;
				CLANG_WARN__DUPLICATE_METHOD_MATCH = YES;
				CODE_SIGN_IDENTITY = "-";
				COPY_PHASE_STRIP = NO;
				DEBUG_INFORMATION_FORMAT = "dwarf-with-dsym";
				ENABLE_NS_ASSERTIONS = NO;
				ENABLE_STRICT_OBJC_MSGSEND = YES;
				GCC_C_LANGUAGE_STANDARD = gnu99;
				GCC_NO_COMMON_BLOCKS = YES;
				GCC_WARN_64_TO_32_BIT_CONVERSION = YES;
				GCC_WARN_ABOUT_RETURN_TYPE = YES_ERROR;
				GCC_WARN_UNDECLARED_SELECTOR = YES;
				GCC_WARN_UNINITIALIZED_AUTOS = YES_AGGRESSIVE;
				GCC_WARN_UNUSED_FUNCTION = YES;
				GCC_WARN_UNUSED_VARIABLE = YES;
				MACOSX_DEPLOYMENT_TARGET = 10.11;
				MTL_ENABLE_DEBUG_INFO = NO;
				SDKROOT = macosx;
			};
			name = Release;
		};
		251712F31CD8E0C700574E9E /* Debug */ = {
			isa = XCBuildConfiguration;
			buildSettings = {
				PRODUCT_NAME = "$(TARGET_NAME)";
			};
			name = Debug;
		};
		251712F41CD8E0C700574E9E /* Release */ = {
			isa = XCBuildConfiguration;
			buildSettings = {
				PRODUCT_NAME = "$(TARGET_NAME)";
			};
			name = Release;
		};
/* End XCBuildConfiguration section */

/* Begin XCConfigurationList section */
		251712E61CD8E0C700574E9E /* Build configuration list for PBXProject "ReverseDLinkList" */ = {
			isa = XCConfigurationList;
			buildConfigurations = (
				251712F01CD8E0C700574E9E /* Debug */,
				251712F11CD8E0C700574E9E /* Release */,
			);
			defaultConfigurationIsVisible = 0;
			defaultConfigurationName = Release;
		};
		251712F21CD8E0C700574E9E /* Build configuration list for PBXNativeTarget "ReverseDLinkList" */ = {
			isa = XCConfigurationList;
			buildConfigurations = (
				251712F31CD8E0C700574E9E /* Debug */,
				251712F41CD8E0C700574E9E /* Release */,
			);
			defaultConfigurationIsVisible = 0;
		};
/* End XCConfigurationList section */
	};
	rootObject = 251712E31CD8E0C700574E9E /* Project object */;
}
