// !$*UTF8*$!
{
	archiveVersion = 1;
	classes = {
	};
	objectVersion = 46;
	objects = {

/* Begin PBXBuildFile section */
		255FF7CD1CDA42FF009656DA /* main.cpp in Sources */ = {isa = PBXBuildFile; fileRef = 255FF7CC1CDA42FF009656DA /* main.cpp */; };
		255FF7D51CDA4329009656DA /* CircleLinkList.cpp in Sources */ = {isa = PBXBuildFile; fileRef = 255FF7D31CDA4329009656DA /* CircleLinkList.cpp */; };
/* End PBXBuildFile section */

/* Begin PBXCopyFilesBuildPhase section */
		255FF7C71CDA42FF009656DA /* CopyFiles */ = {
			isa = PBXCopyFilesBuildPhase;
			buildActionMask = 2147483647;
			dstPath = /usr/share/man/man1/;
			dstSubfolderSpec = 0;
			files = (
			);
			runOnlyForDeploymentPostprocessing = 1;
		};
/* End PBXCopyFilesBuildPhase section */

/* Begin PBXFileReference section */
		255FF7C91CDA42FF009656DA /* CircleLinkList */ = {isa = PBXFileReference; explicitFileType = "compiled.mach-o.executable"; includeInIndex = 0; path = CircleLinkList; sourceTree = BUILT_PRODUCTS_DIR; };
		255FF7CC1CDA42FF009656DA /* main.cpp */ = {isa = PBXFileReference; lastKnownFileType = sourcecode.cpp.cpp; path = main.cpp; sourceTree = "<group>"; };
		255FF7D31CDA4329009656DA /* CircleLinkList.cpp */ = {isa = PBXFileReference; fileEncoding = 4; lastKnownFileType = sourcecode.cpp.cpp; path = CircleLinkList.cpp; sourceTree = "<group>"; };
		255FF7D41CDA4329009656DA /* CircleLinkList.hpp */ = {isa = PBXFileReference; fileEncoding = 4; lastKnownFileType = sourcecode.cpp.h; path = CircleLinkList.hpp; sourceTree = "<group>"; };
/* End PBXFileReference section */

/* Begin PBXFrameworksBuildPhase section */
		255FF7C61CDA42FF009656DA /* Frameworks */ = {
			isa = PBXFrameworksBuildPhase;
			buildActionMask = 2147483647;
			files = (
			);
			runOnlyForDeploymentPostprocessing = 0;
		};
/* End PBXFrameworksBuildPhase section */

/* Begin PBXGroup section */
		255FF7C01CDA42FF009656DA = {
			isa = PBXGroup;
			children = (
				255FF7CB1CDA42FF009656DA /* CircleLinkList */,
				255FF7CA1CDA42FF009656DA /* Products */,
			);
			sourceTree = "<group>";
		};
		255FF7CA1CDA42FF009656DA /* Products */ = {
			isa = PBXGroup;
			children = (
				255FF7C91CDA42FF009656DA /* CircleLinkList */,
			);
			name = Products;
			sourceTree = "<group>";
		};
		255FF7CB1CDA42FF009656DA /* CircleLinkList */ = {
			isa = PBXGroup;
			children = (
				255FF7CC1CDA42FF009656DA /* main.cpp */,
				255FF7D31CDA4329009656DA /* CircleLinkList.cpp */,
				255FF7D41CDA4329009656DA /* CircleLinkList.hpp */,
			);
			path = CircleLinkList;
			sourceTree = "<group>";
		};
/* End PBXGroup section */

/* Begin PBXNativeTarget section */
		255FF7C81CDA42FF009656DA /* CircleLinkList */ = {
			isa = PBXNativeTarget;
			buildConfigurationList = 255FF7D01CDA42FF009656DA /* Build configuration list for PBXNativeTarget "CircleLinkList" */;
			buildPhases = (
				255FF7C51CDA42FF009656DA /* Sources */,
				255FF7C61CDA42FF009656DA /* Frameworks */,
				255FF7C71CDA42FF009656DA /* CopyFiles */,
			);
			buildRules = (
			);
			dependencies = (
			);
			name = CircleLinkList;
			productName = CircleLinkList;
			productReference = 255FF7C91CDA42FF009656DA /* CircleLinkList */;
			productType = "com.apple.product-type.tool";
		};
/* End PBXNativeTarget section */

/* Begin PBXProject section */
		255FF7C11CDA42FF009656DA /* Project object */ = {
			isa = PBXProject;
			attributes = {
				LastUpgradeCheck = 0720;
				ORGANIZATIONNAME = Q;
				TargetAttributes = {
					255FF7C81CDA42FF009656DA = {
						CreatedOnToolsVersion = 7.2.1;
					};
				};
			};
			buildConfigurationList = 255FF7C41CDA42FF009656DA /* Build configuration list for PBXProject "CircleLinkList" */;
			compatibilityVersion = "Xcode 3.2";
			developmentRegion = English;
			hasScannedForEncodings = 0;
			knownRegions = (
				en,
			);
			mainGroup = 255FF7C01CDA42FF009656DA;
			productRefGroup = 255FF7CA1CDA42FF009656DA /* Products */;
			projectDirPath = "";
			projectRoot = "";
			targets = (
				255FF7C81CDA42FF009656DA /* CircleLinkList */,
			);
		};
/* End PBXProject section */

/* Begin PBXSourcesBuildPhase section */
		255FF7C51CDA42FF009656DA /* Sources */ = {
			isa = PBXSourcesBuildPhase;
			buildActionMask = 2147483647;
			files = (
				255FF7CD1CDA42FF009656DA /* main.cpp in Sources */,
				255FF7D51CDA4329009656DA /* CircleLinkList.cpp in Sources */,
			);
			runOnlyForDeploymentPostprocessing = 0;
		};
/* End PBXSourcesBuildPhase section */

/* Begin XCBuildConfiguration section */
		255FF7CE1CDA42FF009656DA /* Debug */ = {
			isa = XCBuildConfiguration;
			buildSettings = {
				ALWAYS_SEARCH_USER_PATHS = NO;
				CLANG_CXX_LANGUAGE_STANDARD = "gnu++0x";
				CLANG_CXX_LIBRARY = "libc++";
				CLANG_ENABLE_MODULES = YES;
				CLANG_ENABLE_OBJC_ARC = YES;
				CLANG_WARN_BOOL_CONVERSION = YES;
				CLANG_WARN_CONSTANT_CONVERSION = YES;
				CLANG_WARN_DIRECT_OBJC_ISA_USAGE = YES_ERROR;
				CLANG_WARN_EMPTY_BODY = YES;
				CLANG_WARN_ENUM_CONVERSION = YES;
				CLANG_WARN_INT_CONVERSION = YES;
				CLANG_WARN_OBJC_ROOT_CLASS = YES_ERROR;
				CLANG_WARN_UNREACHABLE_CODE = YES;
				CLANG_WARN__DUPLICATE_METHOD_MATCH = YES;
				CODE_SIGN_IDENTITY = "-";
				COPY_PHASE_STRIP = NO;
				DEBUG_INFORMATION_FORMAT = dwarf;
				ENABLE_STRICT_OBJC_MSGSEND = YES;
				ENABLE_TESTABILITY = YES;
				GCC_C_LANGUAGE_STANDARD = gnu99;
				GCC_DYNAMIC_NO_PIC = NO;
				GCC_NO_COMMON_BLOCKS = YES;
				GCC_OPTIMIZATION_LEVEL = 0;
				GCC_PREPROCESSOR_DEFINITIONS = (
					"DEBUG=1",
					"$(inherited)",
				);
				GCC_WARN_64_TO_32_BIT_CONVERSION = YES;
				GCC_WARN_ABOUT_RETURN_TYPE = YES_ERROR;
				GCC_WARN_UNDECLARED_SELECTOR = YES;
				GCC_WARN_UNINITIALIZED_AUTOS = YES_AGGRESSIVE;
				GCC_WARN_UNUSED_FUNCTION = YES;
				GCC_WARN_UNUSED_VARIABLE = YES;
				MACOSX_DEPLOYMENT_TARGET = 10.11;
				MTL_ENABLE_DEBUG_INFO = YES;
				ONLY_ACTIVE_ARCH = YES;
				SDKROOT = macosx;
			};
			name = Debug;
		};
		255FF7CF1CDA42FF009656DA /* Release */ = {
			isa = XCBuildConfiguration;
			buildSettings = {
				ALWAYS_SEARCH_USER_PATHS = NO;
				CLANG_CXX_LANGUAGE_STANDARD = "gnu++0x";
				CLANG_CXX_LIBRARY = "libc++";
				CLANG_ENABLE_MODULES = YES;
				CLANG_ENABLE_OBJC_ARC = YES;
				CLANG_WARN_BOOL_CONVERSION = YES;
				CLANG_WARN_CONSTANT_CONVERSION = YES;
				CLANG_WARN_DIRECT_OBJC_ISA_USAGE = YES_ERROR;
				CLANG_WARN_EMPTY_BODY = YES;
				CLANG_WARN_ENUM_CONVERSION = YES;
				CLANG_WARN_INT_CONVERSION = YES;
				CLANG_WARN_OBJC_ROOT_CLASS = YES_ERROR;
				CLANG_WARN_UNREACHABLE_CODE = YES;
				CLANG_WARN__DUPLICATE_METHOD_MATCH = YES;
				CODE_SIGN_IDENTITY = "-";
				COPY_PHASE_STRIP = NO;
				DEBUG_INFORMATION_FORMAT = "dwarf-with-dsym";
				ENABLE_NS_ASSERTIONS = NO;
				ENABLE_STRICT_OBJC_MSGSEND = YES;
				GCC_C_LANGUAGE_STANDARD = gnu99;
				GCC_NO_COMMON_BLOCKS = YES;
				GCC_WARN_64_TO_32_BIT_CONVERSION = YES;
				GCC_WARN_ABOUT_RETURN_TYPE = YES_ERROR;
				GCC_WARN_UNDECLARED_SELECTOR = YES;
				GCC_WARN_UNINITIALIZED_AUTOS = YES_AGGRESSIVE;
				GCC_WARN_UNUSED_FUNCTION = YES;
				GCC_WARN_UNUSED_VARIABLE = YES;
				MACOSX_DEPLOYMENT_TARGET = 10.11;
				MTL_ENABLE_DEBUG_INFO = NO;
				SDKROOT = macosx;
			};
			name = Release;
		};
		255FF7D11CDA42FF009656DA /* Debug */ = {
			isa = XCBuildConfiguration;
			buildSettings = {
				PRODUCT_NAME = "$(TARGET_NAME)";
			};
			name = Debug;
		};
		255FF7D21CDA42FF009656DA /* Release */ = {
			isa = XCBuildConfiguration;
			buildSettings = {
				PRODUCT_NAME = "$(TARGET_NAME)";
			};
			name = Release;
		};
/* End XCBuildConfiguration section */

/* Begin XCConfigurationList section */
		255FF7C41CDA42FF009656DA /* Build configuration list for PBXProject "CircleLinkList" */ = {
			isa = XCConfigurationList;
			buildConfigurations = (
				255FF7CE1CDA42FF009656DA /* Debug */,
				255FF7CF1CDA42FF009656DA /* Release */,
			);
			defaultConfigurationIsVisible = 0;
			defaultConfigurationName = Release;
		};
		255FF7D01CDA42FF009656DA /* Build configuration list for PBXNativeTarget "CircleLinkList" */ = {
			isa = XCConfigurationList;
			buildConfigurations = (
				255FF7D11CDA42FF009656DA /* Debug */,
				255FF7D21CDA42FF009656DA /* Release */,
			);
			defaultConfigurationIsVisible = 0;
		};
/* End XCConfigurationList section */
	};
	rootObject = 255FF7C11CDA42FF009656DA /* Project object */;
}
